
Microsoft Visual Studio Solution File, Format Version 12.00
# Visual Studio Version 17
VisualStudioVersion = 17.0.32126.317
MinimumVisualStudioVersion = 10.0.40219.1
Project("{9A19103F-16F7-4668-BE54-9A1E7A4F7556}") = "StronglyTyped.FeatureFlags.Abstractions", "src\StronglyTyped.FeatureFlags.Abstractions\StronglyTyped.FeatureFlags.Abstractions.csproj", "{2B6C1A19-A725-4EAB-8755-2CC4C19AF7C7}"
EndProject
Project("{9A19103F-16F7-4668-BE54-9A1E7A4F7556}") = "StronglyTyped.FeatureFlags", "src\StronglyTyped.FeatureFlags\StronglyTyped.FeatureFlags.csproj", "{2B7D0BE9-AE6C-45AE-8CC5-ED01B9C66DC1}"
EndProject
Project("{9A19103F-16F7-4668-BE54-9A1E7A4F7556}") = "StronglyTyped.FeatureFlags.Consumer", "tests\StronglyTyped.FeatureFlags.Consumer\StronglyTyped.FeatureFlags.Consumer.csproj", "{D0E1CE85-FE72-4D38-99AA-5B325BD13ACF}"
EndProject
Project("{2150E333-8FDC-42A3-9474-1A3956D46DE8}") = "0_Source", "0_Source", "{86D6D0F2-9278-4D67-8336-0732D4FC37AB}"
EndProject
Project("{2150E333-8FDC-42A3-9474-1A3956D46DE8}") = "1_Generator", "1_Generator", "{539DD864-D214-4841-A316-788FE3459E80}"
EndProject
Project("{2150E333-8FDC-42A3-9474-1A3956D46DE8}") = "9_Tests", "9_Tests", "{DA5F8FA2-DB16-4900-9CB1-51B445EE9792}"
EndProject
Project("{2150E333-8FDC-42A3-9474-1A3956D46DE8}") = "Solution Items", "Solution Items", "{43AC9B1E-75F7-46DA-A181-FC46FD8E9EB4}"
	ProjectSection(SolutionItems) = preProject
		.gitignore = .gitignore
		LICENSE = LICENSE
		README.md = README.md
		RepackAll.cmd = RepackAll.cmd
	EndProjectSection
EndProject
Project("{9A19103F-16F7-4668-BE54-9A1E7A4F7556}") = "StronglyTyped.FeatureFlags.Providers.Configuration", "src\StronglyTyped.FeatureFlags.Providers.Configuration\StronglyTyped.FeatureFlags.Providers.Configuration.csproj", "{0B5D28F7-32D9-42A5-96FA-B5FE777F55E9}"
EndProject
Project("{9A19103F-16F7-4668-BE54-9A1E7A4F7556}") = "StronglyTyped.FeatureFlags.SourceGeneration", "gen\StronglyTyped.FeatureFlags.SourceGeneration\StronglyTyped.FeatureFlags.SourceGeneration.csproj", "{7A78CC97-6A32-426C-8C89-AE8C12C280E3}"
EndProject
Global
	GlobalSection(SolutionConfigurationPlatforms) = preSolution
		Debug|Any CPU = Debug|Any CPU
		Release|Any CPU = Release|Any CPU
	EndGlobalSection
	GlobalSection(ProjectConfigurationPlatforms) = postSolution
		{2B6C1A19-A725-4EAB-8755-2CC4C19AF7C7}.Debug|Any CPU.ActiveCfg = Debug|Any CPU
		{2B6C1A19-A725-4EAB-8755-2CC4C19AF7C7}.Debug|Any CPU.Build.0 = Debug|Any CPU
		{2B6C1A19-A725-4EAB-8755-2CC4C19AF7C7}.Release|Any CPU.ActiveCfg = Release|Any CPU
		{2B6C1A19-A725-4EAB-8755-2CC4C19AF7C7}.Release|Any CPU.Build.0 = Release|Any CPU
		{2B7D0BE9-AE6C-45AE-8CC5-ED01B9C66DC1}.Debug|Any CPU.ActiveCfg = Debug|Any CPU
		{2B7D0BE9-AE6C-45AE-8CC5-ED01B9C66DC1}.Debug|Any CPU.Build.0 = Debug|Any CPU
		{2B7D0BE9-AE6C-45AE-8CC5-ED01B9C66DC1}.Release|Any CPU.ActiveCfg = Release|Any CPU
		{2B7D0BE9-AE6C-45AE-8CC5-ED01B9C66DC1}.Release|Any CPU.Build.0 = Release|Any CPU
		{D0E1CE85-FE72-4D38-99AA-5B325BD13ACF}.Debug|Any CPU.ActiveCfg = Debug|Any CPU
		{D0E1CE85-FE72-4D38-99AA-5B325BD13ACF}.Debug|Any CPU.Build.0 = Debug|Any CPU
		{D0E1CE85-FE72-4D38-99AA-5B325BD13ACF}.Release|Any CPU.ActiveCfg = Release|Any CPU
		{D0E1CE85-FE72-4D38-99AA-5B325BD13ACF}.Release|Any CPU.Build.0 = Release|Any CPU
		{0B5D28F7-32D9-42A5-96FA-B5FE777F55E9}.Debug|Any CPU.ActiveCfg = Debug|Any CPU
		{0B5D28F7-32D9-42A5-96FA-B5FE777F55E9}.Debug|Any CPU.Build.0 = Debug|Any CPU
		{0B5D28F7-32D9-42A5-96FA-B5FE777F55E9}.Release|Any CPU.ActiveCfg = Release|Any CPU
		{0B5D28F7-32D9-42A5-96FA-B5FE777F55E9}.Release|Any CPU.Build.0 = Release|Any CPU
		{7A78CC97-6A32-426C-8C89-AE8C12C280E3}.Debug|Any CPU.ActiveCfg = Debug|Any CPU
		{7A78CC97-6A32-426C-8C89-AE8C12C280E3}.Debug|Any CPU.Build.0 = Debug|Any CPU
		{7A78CC97-6A32-426C-8C89-AE8C12C280E3}.Release|Any CPU.ActiveCfg = Release|Any CPU
		{7A78CC97-6A32-426C-8C89-AE8C12C280E3}.Release|Any CPU.Build.0 = Release|Any CPU
	EndGlobalSection
	GlobalSection(SolutionProperties) = preSolution
		HideSolutionNode = FALSE
	EndGlobalSection
	GlobalSection(NestedProjects) = preSolution
		{2B6C1A19-A725-4EAB-8755-2CC4C19AF7C7} = {86D6D0F2-9278-4D67-8336-0732D4FC37AB}
		{2B7D0BE9-AE6C-45AE-8CC5-ED01B9C66DC1} = {86D6D0F2-9278-4D67-8336-0732D4FC37AB}
		{D0E1CE85-FE72-4D38-99AA-5B325BD13ACF} = {DA5F8FA2-DB16-4900-9CB1-51B445EE9792}
		{0B5D28F7-32D9-42A5-96FA-B5FE777F55E9} = {86D6D0F2-9278-4D67-8336-0732D4FC37AB}
		{7A78CC97-6A32-426C-8C89-AE8C12C280E3} = {539DD864-D214-4841-A316-788FE3459E80}
	EndGlobalSection
	GlobalSection(ExtensibilityGlobals) = postSolution
		SolutionGuid = {E4B8B9F4-A745-49D2-81DC-963F10BFD27A}
	EndGlobalSection
EndGlobal
