
Microsoft Visual Studio Solution File, Format Version 12.00
# Visual Studio Version 17
VisualStudioVersion = 17.0.32126.317
MinimumVisualStudioVersion = 10.0.40219.1
Project("{9A19103F-16F7-4668-BE54-9A1E7A4F7556}") = "StronglyTyped.FeatureFlags.Abstractions", "StronglyTyped.FeatureFlags.Abstractions\StronglyTyped.FeatureFlags.Abstractions.csproj", "{2B6C1A19-A725-4EAB-8755-2CC4C19AF7C7}"
EndProject
Project("{9A19103F-16F7-4668-BE54-9A1E7A4F7556}") = "StronglyTyped.FeatureFlags", "StronglyTyped.FeatureFlags\StronglyTyped.FeatureFlags.csproj", "{2B7D0BE9-AE6C-45AE-8CC5-ED01B9C66DC1}"
EndProject
Project("{9A19103F-16F7-4668-BE54-9A1E7A4F7556}") = "StronglyTyped.WebApi", "StronglyTyped.WebApi\StronglyTyped.WebApi.csproj", "{5742855A-5781-46CB-B337-46430000ABBD}"
EndProject
Project("{FAE04EC0-301F-11D3-BF4B-00C04F79EFBC}") = "StronglyTyped.FeatureFlags.Generator", "StronglyTyped.FeatureFlags.Generator\StronglyTyped.FeatureFlags.Generator.csproj", "{CDE61355-7C24-4D29-88B8-933B4426176D}"
EndProject
Global
	GlobalSection(SolutionConfigurationPlatforms) = preSolution
		Debug|Any CPU = Debug|Any CPU
		Release|Any CPU = Release|Any CPU
	EndGlobalSection
	GlobalSection(ProjectConfigurationPlatforms) = postSolution
		{2B6C1A19-A725-4EAB-8755-2CC4C19AF7C7}.Debug|Any CPU.ActiveCfg = Debug|Any CPU
		{2B6C1A19-A725-4EAB-8755-2CC4C19AF7C7}.Debug|Any CPU.Build.0 = Debug|Any CPU
		{2B6C1A19-A725-4EAB-8755-2CC4C19AF7C7}.Release|Any CPU.ActiveCfg = Release|Any CPU
		{2B6C1A19-A725-4EAB-8755-2CC4C19AF7C7}.Release|Any CPU.Build.0 = Release|Any CPU
		{2B7D0BE9-AE6C-45AE-8CC5-ED01B9C66DC1}.Debug|Any CPU.ActiveCfg = Debug|Any CPU
		{2B7D0BE9-AE6C-45AE-8CC5-ED01B9C66DC1}.Debug|Any CPU.Build.0 = Debug|Any CPU
		{2B7D0BE9-AE6C-45AE-8CC5-ED01B9C66DC1}.Release|Any CPU.ActiveCfg = Release|Any CPU
		{2B7D0BE9-AE6C-45AE-8CC5-ED01B9C66DC1}.Release|Any CPU.Build.0 = Release|Any CPU
		{5742855A-5781-46CB-B337-46430000ABBD}.Debug|Any CPU.ActiveCfg = Debug|Any CPU
		{5742855A-5781-46CB-B337-46430000ABBD}.Debug|Any CPU.Build.0 = Debug|Any CPU
		{5742855A-5781-46CB-B337-46430000ABBD}.Release|Any CPU.ActiveCfg = Release|Any CPU
		{5742855A-5781-46CB-B337-46430000ABBD}.Release|Any CPU.Build.0 = Release|Any CPU
		{CDE61355-7C24-4D29-88B8-933B4426176D}.Debug|Any CPU.ActiveCfg = Debug|Any CPU
		{CDE61355-7C24-4D29-88B8-933B4426176D}.Debug|Any CPU.Build.0 = Debug|Any CPU
		{CDE61355-7C24-4D29-88B8-933B4426176D}.Release|Any CPU.ActiveCfg = Release|Any CPU
		{CDE61355-7C24-4D29-88B8-933B4426176D}.Release|Any CPU.Build.0 = Release|Any CPU
	EndGlobalSection
	GlobalSection(SolutionProperties) = preSolution
		HideSolutionNode = FALSE
	EndGlobalSection
	GlobalSection(ExtensibilityGlobals) = postSolution
		SolutionGuid = {E4B8B9F4-A745-49D2-81DC-963F10BFD27A}
	EndGlobalSection
EndGlobal
